
Microsoft Visual Studio Solution File, Format Version 12.00
# Visual Studio Version 16
VisualStudioVersion = 16.0.29403.142
MinimumVisualStudioVersion = 10.0.40219.1
Project("{FAE04EC0-301F-11D3-BF4B-00C04F79EFBC}") = "WFA191104SAVANNASIM", "WFA191104SAVANNASIM\WFA191104SAVANNASIM.csproj", "{B8C391DD-B283-434A-9736-E4438D34055A}"
EndProject
Global
	GlobalSection(SolutionConfigurationPlatforms) = preSolution
		Debug|Any CPU = Debug|Any CPU
		Release|Any CPU = Release|Any CPU
	EndGlobalSection
	GlobalSection(ProjectConfigurationPlatforms) = postSolution
		{B8C391DD-B283-434A-9736-E4438D34055A}.Debug|Any CPU.ActiveCfg = Debug|Any CPU
		{B8C391DD-B283-434A-9736-E4438D34055A}.Debug|Any CPU.Build.0 = Debug|Any CPU
		{B8C391DD-B283-434A-9736-E4438D34055A}.Release|Any CPU.ActiveCfg = Release|Any CPU
		{B8C391DD-B283-434A-9736-E4438D34055A}.Release|Any CPU.Build.0 = Release|Any CPU
	EndGlobalSection
	GlobalSection(SolutionProperties) = preSolution
		HideSolutionNode = FALSE
	EndGlobalSection
	GlobalSection(ExtensibilityGlobals) = postSolution
		SolutionGuid = {19E431E5-ECF0-4676-851E-C985C0A90BFB}
	EndGlobalSection
EndGlobal
